// !$*UTF8*$!
{
	archiveVersion = 1;
	classes = {
	};
	objectVersion = 55;
	objects = {

/* Begin PBXBuildFile section */
		49973D2AE77154C6A6B4DA2A /* Pods_PBLogs_IOSTests.framework in Frameworks */ = {isa = PBXBuildFile; fileRef = 7B199F6FCEEEAA9DF0D2EC20 /* Pods_PBLogs_IOSTests.framework */; };
		795CC7F59F11EB3ECC6DC373 /* Pods_PBLogs_IOS_PBLogs_IOSUITests.framework in Frameworks */ = {isa = PBXBuildFile; fileRef = 442BB5C55EA89373CC72CFD0 /* Pods_PBLogs_IOS_PBLogs_IOSUITests.framework */; };
		85541BA92929C1F2007E80E8 /* ApiOverrides.swift in Sources */ = {isa = PBXBuildFile; fileRef = 85541BA82929C1F2007E80E8 /* ApiOverrides.swift */; };
		85541BAB292B0B86007E80E8 /* InfiniteScrollBase.swift in Sources */ = {isa = PBXBuildFile; fileRef = 85541BAA292B0B86007E80E8 /* InfiniteScrollBase.swift */; };
		85541BAE292B0BDB007E80E8 /* InfiniteList.swift in Sources */ = {isa = PBXBuildFile; fileRef = 85541BAD292B0BDB007E80E8 /* InfiniteList.swift */; };
		85541BB1292B0C19007E80E8 /* PuckboardLogsView.swift in Sources */ = {isa = PBXBuildFile; fileRef = 85541BB0292B0C19007E80E8 /* PuckboardLogsView.swift */; };
		85541BB4292B0DA7007E80E8 /* LoginManager.swift in Sources */ = {isa = PBXBuildFile; fileRef = 85541BB3292B0DA7007E80E8 /* LoginManager.swift */; };
		85E005D9280F49000045B062 /* PBLogs_IOSApp.swift in Sources */ = {isa = PBXBuildFile; fileRef = 85E005D8280F49000045B062 /* PBLogs_IOSApp.swift */; };
		85E005DB280F49000045B062 /* ContentView.swift in Sources */ = {isa = PBXBuildFile; fileRef = 85E005DA280F49000045B062 /* ContentView.swift */; };
		85E005DD280F49010045B062 /* Assets.xcassets in Resources */ = {isa = PBXBuildFile; fileRef = 85E005DC280F49010045B062 /* Assets.xcassets */; };
		85E005E0280F49010045B062 /* Preview Assets.xcassets in Resources */ = {isa = PBXBuildFile; fileRef = 85E005DF280F49010045B062 /* Preview Assets.xcassets */; };
		85E005EA280F49020045B062 /* PBLogs_IOSTests.swift in Sources */ = {isa = PBXBuildFile; fileRef = 85E005E9280F49020045B062 /* PBLogs_IOSTests.swift */; };
		85E005F4280F49020045B062 /* PBLogs_IOSUITests.swift in Sources */ = {isa = PBXBuildFile; fileRef = 85E005F3280F49020045B062 /* PBLogs_IOSUITests.swift */; };
		85E005F6280F49020045B062 /* PBLogs_IOSUITestsLaunchTests.swift in Sources */ = {isa = PBXBuildFile; fileRef = 85E005F5280F49020045B062 /* PBLogs_IOSUITestsLaunchTests.swift */; };
		85E00605280F4DE30045B062 /* LoginWebView.swift in Sources */ = {isa = PBXBuildFile; fileRef = 85E00604280F4DE30045B062 /* LoginWebView.swift */; };
		85E0060728118ED00045B062 /* ViewDidLoadModifier.swift in Sources */ = {isa = PBXBuildFile; fileRef = 85E0060628118ED00045B062 /* ViewDidLoadModifier.swift */; };
		AFA3E7C49EF0CA68B2C3330F /* Pods_PBLogs_IOS.framework in Frameworks */ = {isa = PBXBuildFile; fileRef = 75264C2FC8114F94B77C0639 /* Pods_PBLogs_IOS.framework */; };
/* End PBXBuildFile section */

/* Begin PBXContainerItemProxy section */
		85E005E6280F49020045B062 /* PBXContainerItemProxy */ = {
			isa = PBXContainerItemProxy;
			containerPortal = 85E005CD280F49000045B062 /* Project object */;
			proxyType = 1;
			remoteGlobalIDString = 85E005D4280F49000045B062;
			remoteInfo = "PBLogs-IOS";
		};
		85E005F0280F49020045B062 /* PBXContainerItemProxy */ = {
			isa = PBXContainerItemProxy;
			containerPortal = 85E005CD280F49000045B062 /* Project object */;
			proxyType = 1;
			remoteGlobalIDString = 85E005D4280F49000045B062;
			remoteInfo = "PBLogs-IOS";
		};
/* End PBXContainerItemProxy section */

/* Begin PBXFileReference section */
		442BB5C55EA89373CC72CFD0 /* Pods_PBLogs_IOS_PBLogs_IOSUITests.framework */ = {isa = PBXFileReference; explicitFileType = wrapper.framework; includeInIndex = 0; path = Pods_PBLogs_IOS_PBLogs_IOSUITests.framework; sourceTree = BUILT_PRODUCTS_DIR; };
		75264C2FC8114F94B77C0639 /* Pods_PBLogs_IOS.framework */ = {isa = PBXFileReference; explicitFileType = wrapper.framework; includeInIndex = 0; path = Pods_PBLogs_IOS.framework; sourceTree = BUILT_PRODUCTS_DIR; };
		7B199F6FCEEEAA9DF0D2EC20 /* Pods_PBLogs_IOSTests.framework */ = {isa = PBXFileReference; explicitFileType = wrapper.framework; includeInIndex = 0; path = Pods_PBLogs_IOSTests.framework; sourceTree = BUILT_PRODUCTS_DIR; };
		85541BA82929C1F2007E80E8 /* ApiOverrides.swift */ = {isa = PBXFileReference; lastKnownFileType = sourcecode.swift; path = ApiOverrides.swift; sourceTree = "<group>"; };
		85541BAA292B0B86007E80E8 /* InfiniteScrollBase.swift */ = {isa = PBXFileReference; lastKnownFileType = sourcecode.swift; path = InfiniteScrollBase.swift; sourceTree = "<group>"; };
		85541BAD292B0BDB007E80E8 /* InfiniteList.swift */ = {isa = PBXFileReference; lastKnownFileType = sourcecode.swift; path = InfiniteList.swift; sourceTree = "<group>"; };
		85541BB0292B0C19007E80E8 /* PuckboardLogsView.swift */ = {isa = PBXFileReference; lastKnownFileType = sourcecode.swift; path = PuckboardLogsView.swift; sourceTree = "<group>"; };
		85541BB3292B0DA7007E80E8 /* LoginManager.swift */ = {isa = PBXFileReference; lastKnownFileType = sourcecode.swift; path = LoginManager.swift; sourceTree = "<group>"; };
		85E005D5280F49000045B062 /* PBLogs-IOS.app */ = {isa = PBXFileReference; explicitFileType = wrapper.application; includeInIndex = 0; path = "PBLogs-IOS.app"; sourceTree = BUILT_PRODUCTS_DIR; };
		85E005D8280F49000045B062 /* PBLogs_IOSApp.swift */ = {isa = PBXFileReference; lastKnownFileType = sourcecode.swift; path = PBLogs_IOSApp.swift; sourceTree = "<group>"; };
		85E005DA280F49000045B062 /* ContentView.swift */ = {isa = PBXFileReference; lastKnownFileType = sourcecode.swift; path = ContentView.swift; sourceTree = "<group>"; };
		85E005DC280F49010045B062 /* Assets.xcassets */ = {isa = PBXFileReference; lastKnownFileType = folder.assetcatalog; path = Assets.xcassets; sourceTree = "<group>"; };
		85E005DF280F49010045B062 /* Preview Assets.xcassets */ = {isa = PBXFileReference; lastKnownFileType = folder.assetcatalog; path = "Preview Assets.xcassets"; sourceTree = "<group>"; };
		85E005E5280F49020045B062 /* PBLogs-IOSTests.xctest */ = {isa = PBXFileReference; explicitFileType = wrapper.cfbundle; includeInIndex = 0; path = "PBLogs-IOSTests.xctest"; sourceTree = BUILT_PRODUCTS_DIR; };
		85E005E9280F49020045B062 /* PBLogs_IOSTests.swift */ = {isa = PBXFileReference; lastKnownFileType = sourcecode.swift; path = PBLogs_IOSTests.swift; sourceTree = "<group>"; };
		85E005EF280F49020045B062 /* PBLogs-IOSUITests.xctest */ = {isa = PBXFileReference; explicitFileType = wrapper.cfbundle; includeInIndex = 0; path = "PBLogs-IOSUITests.xctest"; sourceTree = BUILT_PRODUCTS_DIR; };
		85E005F3280F49020045B062 /* PBLogs_IOSUITests.swift */ = {isa = PBXFileReference; lastKnownFileType = sourcecode.swift; path = PBLogs_IOSUITests.swift; sourceTree = "<group>"; };
		85E005F5280F49020045B062 /* PBLogs_IOSUITestsLaunchTests.swift */ = {isa = PBXFileReference; lastKnownFileType = sourcecode.swift; path = PBLogs_IOSUITestsLaunchTests.swift; sourceTree = "<group>"; };
		85E00604280F4DE30045B062 /* LoginWebView.swift */ = {isa = PBXFileReference; fileEncoding = 4; lastKnownFileType = sourcecode.swift; path = LoginWebView.swift; sourceTree = "<group>"; };
		85E0060628118ED00045B062 /* ViewDidLoadModifier.swift */ = {isa = PBXFileReference; lastKnownFileType = sourcecode.swift; path = ViewDidLoadModifier.swift; sourceTree = "<group>"; };
		86A8563FB94C6EDF306ACDA7 /* Pods-PBLogs-IOS.debug.xcconfig */ = {isa = PBXFileReference; includeInIndex = 1; lastKnownFileType = text.xcconfig; name = "Pods-PBLogs-IOS.debug.xcconfig"; path = "Target Support Files/Pods-PBLogs-IOS/Pods-PBLogs-IOS.debug.xcconfig"; sourceTree = "<group>"; };
		8E9CC626DA4351511CB2D620 /* Pods-PBLogs-IOS-PBLogs-IOSUITests.debug.xcconfig */ = {isa = PBXFileReference; includeInIndex = 1; lastKnownFileType = text.xcconfig; name = "Pods-PBLogs-IOS-PBLogs-IOSUITests.debug.xcconfig"; path = "Target Support Files/Pods-PBLogs-IOS-PBLogs-IOSUITests/Pods-PBLogs-IOS-PBLogs-IOSUITests.debug.xcconfig"; sourceTree = "<group>"; };
		97703A63DD85C84CCC5E1812 /* Pods-PBLogs-IOSTests.debug.xcconfig */ = {isa = PBXFileReference; includeInIndex = 1; lastKnownFileType = text.xcconfig; name = "Pods-PBLogs-IOSTests.debug.xcconfig"; path = "Target Support Files/Pods-PBLogs-IOSTests/Pods-PBLogs-IOSTests.debug.xcconfig"; sourceTree = "<group>"; };
		9B6D5AFC56EC8DF5AFAC227B /* Pods-PBLogs-IOS-PBLogs-IOSUITests.release.xcconfig */ = {isa = PBXFileReference; includeInIndex = 1; lastKnownFileType = text.xcconfig; name = "Pods-PBLogs-IOS-PBLogs-IOSUITests.release.xcconfig"; path = "Target Support Files/Pods-PBLogs-IOS-PBLogs-IOSUITests/Pods-PBLogs-IOS-PBLogs-IOSUITests.release.xcconfig"; sourceTree = "<group>"; };
		B096AE7B36BDD7A0062360C4 /* Pods-PBLogs-IOSTests.release.xcconfig */ = {isa = PBXFileReference; includeInIndex = 1; lastKnownFileType = text.xcconfig; name = "Pods-PBLogs-IOSTests.release.xcconfig"; path = "Target Support Files/Pods-PBLogs-IOSTests/Pods-PBLogs-IOSTests.release.xcconfig"; sourceTree = "<group>"; };
		C7C586EABBB5919D57171312 /* Pods-PBLogs-IOS.release.xcconfig */ = {isa = PBXFileReference; includeInIndex = 1; lastKnownFileType = text.xcconfig; name = "Pods-PBLogs-IOS.release.xcconfig"; path = "Target Support Files/Pods-PBLogs-IOS/Pods-PBLogs-IOS.release.xcconfig"; sourceTree = "<group>"; };
/* End PBXFileReference section */

/* Begin PBXFrameworksBuildPhase section */
		85E005D2280F49000045B062 /* Frameworks */ = {
			isa = PBXFrameworksBuildPhase;
			buildActionMask = 2147483647;
			files = (
				AFA3E7C49EF0CA68B2C3330F /* Pods_PBLogs_IOS.framework in Frameworks */,
			);
			runOnlyForDeploymentPostprocessing = 0;
		};
		85E005E2280F49020045B062 /* Frameworks */ = {
			isa = PBXFrameworksBuildPhase;
			buildActionMask = 2147483647;
			files = (
				49973D2AE77154C6A6B4DA2A /* Pods_PBLogs_IOSTests.framework in Frameworks */,
			);
			runOnlyForDeploymentPostprocessing = 0;
		};
		85E005EC280F49020045B062 /* Frameworks */ = {
			isa = PBXFrameworksBuildPhase;
			buildActionMask = 2147483647;
			files = (
				795CC7F59F11EB3ECC6DC373 /* Pods_PBLogs_IOS_PBLogs_IOSUITests.framework in Frameworks */,
			);
			runOnlyForDeploymentPostprocessing = 0;
		};
/* End PBXFrameworksBuildPhase section */

/* Begin PBXGroup section */
		7DC272546B7B82AC23FC0994 /* Pods */ = {
			isa = PBXGroup;
			children = (
				86A8563FB94C6EDF306ACDA7 /* Pods-PBLogs-IOS.debug.xcconfig */,
				C7C586EABBB5919D57171312 /* Pods-PBLogs-IOS.release.xcconfig */,
				8E9CC626DA4351511CB2D620 /* Pods-PBLogs-IOS-PBLogs-IOSUITests.debug.xcconfig */,
				9B6D5AFC56EC8DF5AFAC227B /* Pods-PBLogs-IOS-PBLogs-IOSUITests.release.xcconfig */,
				97703A63DD85C84CCC5E1812 /* Pods-PBLogs-IOSTests.debug.xcconfig */,
				B096AE7B36BDD7A0062360C4 /* Pods-PBLogs-IOSTests.release.xcconfig */,
			);
			path = Pods;
			sourceTree = "<group>";
		};
		85541BA72929C1D8007E80E8 /* api */ = {
			isa = PBXGroup;
			children = (
				85541BA82929C1F2007E80E8 /* ApiOverrides.swift */,
			);
			path = api;
			sourceTree = "<group>";
		};
		85541BAC292B0BBE007E80E8 /* InfiniteScroll */ = {
			isa = PBXGroup;
			children = (
				85541BB2292B0C5B007E80E8 /* Service */,
				85541BAD292B0BDB007E80E8 /* InfiniteList.swift */,
			);
			path = InfiniteScroll;
			sourceTree = "<group>";
		};
		85541BAF292B0C05007E80E8 /* Views */ = {
			isa = PBXGroup;
			children = (
				85E00604280F4DE30045B062 /* LoginWebView.swift */,
				85E005DA280F49000045B062 /* ContentView.swift */,
				85541BB0292B0C19007E80E8 /* PuckboardLogsView.swift */,
			);
			path = Views;
			sourceTree = "<group>";
		};
		85541BB2292B0C5B007E80E8 /* Service */ = {
			isa = PBXGroup;
			children = (
				85541BAA292B0B86007E80E8 /* InfiniteScrollBase.swift */,
			);
			path = Service;
			sourceTree = "<group>";
		};
		85E005CC280F49000045B062 = {
			isa = PBXGroup;
			children = (
				85E005D7280F49000045B062 /* PBLogs-IOS */,
				85E005E8280F49020045B062 /* PBLogs-IOSTests */,
				85E005F2280F49020045B062 /* PBLogs-IOSUITests */,
				85E005D6280F49000045B062 /* Products */,
				7DC272546B7B82AC23FC0994 /* Pods */,
				8CE41B229FFE20BBCD3E081A /* Frameworks */,
			);
			sourceTree = "<group>";
		};
		85E005D6280F49000045B062 /* Products */ = {
			isa = PBXGroup;
			children = (
				85E005D5280F49000045B062 /* PBLogs-IOS.app */,
				85E005E5280F49020045B062 /* PBLogs-IOSTests.xctest */,
				85E005EF280F49020045B062 /* PBLogs-IOSUITests.xctest */,
			);
			name = Products;
			sourceTree = "<group>";
		};
		85E005D7280F49000045B062 /* PBLogs-IOS */ = {
			isa = PBXGroup;
			children = (
				85541BAF292B0C05007E80E8 /* Views */,
				85541BAC292B0BBE007E80E8 /* InfiniteScroll */,
				85541BA72929C1D8007E80E8 /* api */,
				85E005D8280F49000045B062 /* PBLogs_IOSApp.swift */,
				85E005DC280F49010045B062 /* Assets.xcassets */,
				85E005DE280F49010045B062 /* Preview Content */,
				85E0060628118ED00045B062 /* ViewDidLoadModifier.swift */,
				85541BB3292B0DA7007E80E8 /* LoginManager.swift */,
			);
			path = "PBLogs-IOS";
			sourceTree = "<group>";
		};
		85E005DE280F49010045B062 /* Preview Content */ = {
			isa = PBXGroup;
			children = (
				85E005DF280F49010045B062 /* Preview Assets.xcassets */,
			);
			path = "Preview Content";
			sourceTree = "<group>";
		};
		85E005E8280F49020045B062 /* PBLogs-IOSTests */ = {
			isa = PBXGroup;
			children = (
				85E005E9280F49020045B062 /* PBLogs_IOSTests.swift */,
			);
			path = "PBLogs-IOSTests";
			sourceTree = "<group>";
		};
		85E005F2280F49020045B062 /* PBLogs-IOSUITests */ = {
			isa = PBXGroup;
			children = (
				85E005F3280F49020045B062 /* PBLogs_IOSUITests.swift */,
				85E005F5280F49020045B062 /* PBLogs_IOSUITestsLaunchTests.swift */,
			);
			path = "PBLogs-IOSUITests";
			sourceTree = "<group>";
		};
		8CE41B229FFE20BBCD3E081A /* Frameworks */ = {
			isa = PBXGroup;
			children = (
				75264C2FC8114F94B77C0639 /* Pods_PBLogs_IOS.framework */,
				442BB5C55EA89373CC72CFD0 /* Pods_PBLogs_IOS_PBLogs_IOSUITests.framework */,
				7B199F6FCEEEAA9DF0D2EC20 /* Pods_PBLogs_IOSTests.framework */,
			);
			name = Frameworks;
			sourceTree = "<group>";
		};
/* End PBXGroup section */

/* Begin PBXNativeTarget section */
		85E005D4280F49000045B062 /* PBLogs-IOS */ = {
			isa = PBXNativeTarget;
			buildConfigurationList = 85E005F9280F49020045B062 /* Build configuration list for PBXNativeTarget "PBLogs-IOS" */;
			buildPhases = (
				D07FE8BE0B3C11EDDC6B3646 /* [CP] Check Pods Manifest.lock */,
				85E005D1280F49000045B062 /* Sources */,
				85E005D2280F49000045B062 /* Frameworks */,
				85E005D3280F49000045B062 /* Resources */,
				BE16C06F5A0CE0A01FA36082 /* [CP] Embed Pods Frameworks */,
			);
			buildRules = (
			);
			dependencies = (
			);
			name = "PBLogs-IOS";
			productName = "PBLogs-IOS";
			productReference = 85E005D5280F49000045B062 /* PBLogs-IOS.app */;
			productType = "com.apple.product-type.application";
		};
		85E005E4280F49020045B062 /* PBLogs-IOSTests */ = {
			isa = PBXNativeTarget;
			buildConfigurationList = 85E005FC280F49020045B062 /* Build configuration list for PBXNativeTarget "PBLogs-IOSTests" */;
			buildPhases = (
				00B134F273EFAE4137D712D3 /* [CP] Check Pods Manifest.lock */,
				85E005E1280F49020045B062 /* Sources */,
				85E005E2280F49020045B062 /* Frameworks */,
				85E005E3280F49020045B062 /* Resources */,
			);
			buildRules = (
			);
			dependencies = (
				85E005E7280F49020045B062 /* PBXTargetDependency */,
			);
			name = "PBLogs-IOSTests";
			productName = "PBLogs-IOSTests";
			productReference = 85E005E5280F49020045B062 /* PBLogs-IOSTests.xctest */;
			productType = "com.apple.product-type.bundle.unit-test";
		};
		85E005EE280F49020045B062 /* PBLogs-IOSUITests */ = {
			isa = PBXNativeTarget;
			buildConfigurationList = 85E005FF280F49020045B062 /* Build configuration list for PBXNativeTarget "PBLogs-IOSUITests" */;
			buildPhases = (
				DB3ED9E41E9E48F446517EFB /* [CP] Check Pods Manifest.lock */,
				85E005EB280F49020045B062 /* Sources */,
				85E005EC280F49020045B062 /* Frameworks */,
				85E005ED280F49020045B062 /* Resources */,
				D4C98D6BE702B741C084299D /* [CP] Embed Pods Frameworks */,
			);
			buildRules = (
			);
			dependencies = (
				85E005F1280F49020045B062 /* PBXTargetDependency */,
			);
			name = "PBLogs-IOSUITests";
			productName = "PBLogs-IOSUITests";
			productReference = 85E005EF280F49020045B062 /* PBLogs-IOSUITests.xctest */;
			productType = "com.apple.product-type.bundle.ui-testing";
		};
/* End PBXNativeTarget section */

/* Begin PBXProject section */
		85E005CD280F49000045B062 /* Project object */ = {
			isa = PBXProject;
			attributes = {
				BuildIndependentTargetsInParallel = 1;
				LastSwiftUpdateCheck = 1330;
				LastUpgradeCheck = 1330;
				TargetAttributes = {
					85E005D4280F49000045B062 = {
						CreatedOnToolsVersion = 13.3.1;
					};
					85E005E4280F49020045B062 = {
						CreatedOnToolsVersion = 13.3.1;
						TestTargetID = 85E005D4280F49000045B062;
					};
					85E005EE280F49020045B062 = {
						CreatedOnToolsVersion = 13.3.1;
						TestTargetID = 85E005D4280F49000045B062;
					};
				};
			};
			buildConfigurationList = 85E005D0280F49000045B062 /* Build configuration list for PBXProject "PBLogs-IOS" */;
			compatibilityVersion = "Xcode 13.0";
			developmentRegion = en;
			hasScannedForEncodings = 0;
			knownRegions = (
				en,
				Base,
			);
			mainGroup = 85E005CC280F49000045B062;
			productRefGroup = 85E005D6280F49000045B062 /* Products */;
			projectDirPath = "";
			projectRoot = "";
			targets = (
				85E005D4280F49000045B062 /* PBLogs-IOS */,
				85E005E4280F49020045B062 /* PBLogs-IOSTests */,
				85E005EE280F49020045B062 /* PBLogs-IOSUITests */,
			);
		};
/* End PBXProject section */

/* Begin PBXResourcesBuildPhase section */
		85E005D3280F49000045B062 /* Resources */ = {
			isa = PBXResourcesBuildPhase;
			buildActionMask = 2147483647;
			files = (
				85E005E0280F49010045B062 /* Preview Assets.xcassets in Resources */,
				85E005DD280F49010045B062 /* Assets.xcassets in Resources */,
			);
			runOnlyForDeploymentPostprocessing = 0;
		};
		85E005E3280F49020045B062 /* Resources */ = {
			isa = PBXResourcesBuildPhase;
			buildActionMask = 2147483647;
			files = (
			);
			runOnlyForDeploymentPostprocessing = 0;
		};
		85E005ED280F49020045B062 /* Resources */ = {
			isa = PBXResourcesBuildPhase;
			buildActionMask = 2147483647;
			files = (
			);
			runOnlyForDeploymentPostprocessing = 0;
		};
/* End PBXResourcesBuildPhase section */

/* Begin PBXShellScriptBuildPhase section */
		00B134F273EFAE4137D712D3 /* [CP] Check Pods Manifest.lock */ = {
			isa = PBXShellScriptBuildPhase;
			buildActionMask = 2147483647;
			files = (
			);
			inputFileListPaths = (
			);
			inputPaths = (
				"${PODS_PODFILE_DIR_PATH}/Podfile.lock",
				"${PODS_ROOT}/Manifest.lock",
			);
			name = "[CP] Check Pods Manifest.lock";
			outputFileListPaths = (
			);
			outputPaths = (
				"$(DERIVED_FILE_DIR)/Pods-PBLogs-IOSTests-checkManifestLockResult.txt",
			);
			runOnlyForDeploymentPostprocessing = 0;
			shellPath = /bin/sh;
			shellScript = "diff \"${PODS_PODFILE_DIR_PATH}/Podfile.lock\" \"${PODS_ROOT}/Manifest.lock\" > /dev/null\nif [ $? != 0 ] ; then\n    # print error to STDERR\n    echo \"error: The sandbox is not in sync with the Podfile.lock. Run 'pod install' or update your CocoaPods installation.\" >&2\n    exit 1\nfi\n# This output is used by Xcode 'outputs' to avoid re-running this script phase.\necho \"SUCCESS\" > \"${SCRIPT_OUTPUT_FILE_0}\"\n";
			showEnvVarsInLog = 0;
		};
		BE16C06F5A0CE0A01FA36082 /* [CP] Embed Pods Frameworks */ = {
			isa = PBXShellScriptBuildPhase;
			buildActionMask = 2147483647;
			files = (
			);
			inputFileListPaths = (
				"${PODS_ROOT}/Target Support Files/Pods-PBLogs-IOS/Pods-PBLogs-IOS-frameworks-${CONFIGURATION}-input-files.xcfilelist",
			);
			name = "[CP] Embed Pods Frameworks";
			outputFileListPaths = (
				"${PODS_ROOT}/Target Support Files/Pods-PBLogs-IOS/Pods-PBLogs-IOS-frameworks-${CONFIGURATION}-output-files.xcfilelist",
			);
			runOnlyForDeploymentPostprocessing = 0;
			shellPath = /bin/sh;
			shellScript = "\"${PODS_ROOT}/Target Support Files/Pods-PBLogs-IOS/Pods-PBLogs-IOS-frameworks.sh\"\n";
			showEnvVarsInLog = 0;
		};
		D07FE8BE0B3C11EDDC6B3646 /* [CP] Check Pods Manifest.lock */ = {
			isa = PBXShellScriptBuildPhase;
			buildActionMask = 2147483647;
			files = (
			);
			inputFileListPaths = (
			);
			inputPaths = (
				"${PODS_PODFILE_DIR_PATH}/Podfile.lock",
				"${PODS_ROOT}/Manifest.lock",
			);
			name = "[CP] Check Pods Manifest.lock";
			outputFileListPaths = (
			);
			outputPaths = (
				"$(DERIVED_FILE_DIR)/Pods-PBLogs-IOS-checkManifestLockResult.txt",
			);
			runOnlyForDeploymentPostprocessing = 0;
			shellPath = /bin/sh;
			shellScript = "diff \"${PODS_PODFILE_DIR_PATH}/Podfile.lock\" \"${PODS_ROOT}/Manifest.lock\" > /dev/null\nif [ $? != 0 ] ; then\n    # print error to STDERR\n    echo \"error: The sandbox is not in sync with the Podfile.lock. Run 'pod install' or update your CocoaPods installation.\" >&2\n    exit 1\nfi\n# This output is used by Xcode 'outputs' to avoid re-running this script phase.\necho \"SUCCESS\" > \"${SCRIPT_OUTPUT_FILE_0}\"\n";
			showEnvVarsInLog = 0;
		};
		D4C98D6BE702B741C084299D /* [CP] Embed Pods Frameworks */ = {
			isa = PBXShellScriptBuildPhase;
			buildActionMask = 2147483647;
			files = (
			);
			inputFileListPaths = (
				"${PODS_ROOT}/Target Support Files/Pods-PBLogs-IOS-PBLogs-IOSUITests/Pods-PBLogs-IOS-PBLogs-IOSUITests-frameworks-${CONFIGURATION}-input-files.xcfilelist",
			);
			name = "[CP] Embed Pods Frameworks";
			outputFileListPaths = (
				"${PODS_ROOT}/Target Support Files/Pods-PBLogs-IOS-PBLogs-IOSUITests/Pods-PBLogs-IOS-PBLogs-IOSUITests-frameworks-${CONFIGURATION}-output-files.xcfilelist",
			);
			runOnlyForDeploymentPostprocessing = 0;
			shellPath = /bin/sh;
			shellScript = "\"${PODS_ROOT}/Target Support Files/Pods-PBLogs-IOS-PBLogs-IOSUITests/Pods-PBLogs-IOS-PBLogs-IOSUITests-frameworks.sh\"\n";
			showEnvVarsInLog = 0;
		};
		DB3ED9E41E9E48F446517EFB /* [CP] Check Pods Manifest.lock */ = {
			isa = PBXShellScriptBuildPhase;
			buildActionMask = 2147483647;
			files = (
			);
			inputFileListPaths = (
			);
			inputPaths = (
				"${PODS_PODFILE_DIR_PATH}/Podfile.lock",
				"${PODS_ROOT}/Manifest.lock",
			);
			name = "[CP] Check Pods Manifest.lock";
			outputFileListPaths = (
			);
			outputPaths = (
				"$(DERIVED_FILE_DIR)/Pods-PBLogs-IOS-PBLogs-IOSUITests-checkManifestLockResult.txt",
			);
			runOnlyForDeploymentPostprocessing = 0;
			shellPath = /bin/sh;
			shellScript = "diff \"${PODS_PODFILE_DIR_PATH}/Podfile.lock\" \"${PODS_ROOT}/Manifest.lock\" > /dev/null\nif [ $? != 0 ] ; then\n    # print error to STDERR\n    echo \"error: The sandbox is not in sync with the Podfile.lock. Run 'pod install' or update your CocoaPods installation.\" >&2\n    exit 1\nfi\n# This output is used by Xcode 'outputs' to avoid re-running this script phase.\necho \"SUCCESS\" > \"${SCRIPT_OUTPUT_FILE_0}\"\n";
			showEnvVarsInLog = 0;
		};
/* End PBXShellScriptBuildPhase section */

/* Begin PBXSourcesBuildPhase section */
		85E005D1280F49000045B062 /* Sources */ = {
			isa = PBXSourcesBuildPhase;
			buildActionMask = 2147483647;
			files = (
				85541BB4292B0DA7007E80E8 /* LoginManager.swift in Sources */,
				85E005DB280F49000045B062 /* ContentView.swift in Sources */,
				85E005D9280F49000045B062 /* PBLogs_IOSApp.swift in Sources */,
				85E00605280F4DE30045B062 /* LoginWebView.swift in Sources */,
				85E0060728118ED00045B062 /* ViewDidLoadModifier.swift in Sources */,
				85541BA92929C1F2007E80E8 /* ApiOverrides.swift in Sources */,
				85541BB1292B0C19007E80E8 /* PuckboardLogsView.swift in Sources */,
				85541BAE292B0BDB007E80E8 /* InfiniteList.swift in Sources */,
				85541BAB292B0B86007E80E8 /* InfiniteScrollBase.swift in Sources */,
			);
			runOnlyForDeploymentPostprocessing = 0;
		};
		85E005E1280F49020045B062 /* Sources */ = {
			isa = PBXSourcesBuildPhase;
			buildActionMask = 2147483647;
			files = (
				85E005EA280F49020045B062 /* PBLogs_IOSTests.swift in Sources */,
			);
			runOnlyForDeploymentPostprocessing = 0;
		};
		85E005EB280F49020045B062 /* Sources */ = {
			isa = PBXSourcesBuildPhase;
			buildActionMask = 2147483647;
			files = (
				85E005F4280F49020045B062 /* PBLogs_IOSUITests.swift in Sources */,
				85E005F6280F49020045B062 /* PBLogs_IOSUITestsLaunchTests.swift in Sources */,
			);
			runOnlyForDeploymentPostprocessing = 0;
		};
/* End PBXSourcesBuildPhase section */

/* Begin PBXTargetDependency section */
		85E005E7280F49020045B062 /* PBXTargetDependency */ = {
			isa = PBXTargetDependency;
			target = 85E005D4280F49000045B062 /* PBLogs-IOS */;
			targetProxy = 85E005E6280F49020045B062 /* PBXContainerItemProxy */;
		};
		85E005F1280F49020045B062 /* PBXTargetDependency */ = {
			isa = PBXTargetDependency;
			target = 85E005D4280F49000045B062 /* PBLogs-IOS */;
			targetProxy = 85E005F0280F49020045B062 /* PBXContainerItemProxy */;
		};
/* End PBXTargetDependency section */

/* Begin XCBuildConfiguration section */
		85E005F7280F49020045B062 /* Debug */ = {
			isa = XCBuildConfiguration;
			buildSettings = {
				ALWAYS_SEARCH_USER_PATHS = NO;
				CLANG_ANALYZER_NONNULL = YES;
				CLANG_ANALYZER_NUMBER_OBJECT_CONVERSION = YES_AGGRESSIVE;
				CLANG_CXX_LANGUAGE_STANDARD = "gnu++17";
				CLANG_ENABLE_MODULES = YES;
				CLANG_ENABLE_OBJC_ARC = YES;
				CLANG_ENABLE_OBJC_WEAK = YES;
				CLANG_WARN_BLOCK_CAPTURE_AUTORELEASING = YES;
				CLANG_WARN_BOOL_CONVERSION = YES;
				CLANG_WARN_COMMA = YES;
				CLANG_WARN_CONSTANT_CONVERSION = YES;
				CLANG_WARN_DEPRECATED_OBJC_IMPLEMENTATIONS = YES;
				CLANG_WARN_DIRECT_OBJC_ISA_USAGE = YES_ERROR;
				CLANG_WARN_DOCUMENTATION_COMMENTS = YES;
				CLANG_WARN_EMPTY_BODY = YES;
				CLANG_WARN_ENUM_CONVERSION = YES;
				CLANG_WARN_INFINITE_RECURSION = YES;
				CLANG_WARN_INT_CONVERSION = YES;
				CLANG_WARN_NON_LITERAL_NULL_CONVERSION = YES;
				CLANG_WARN_OBJC_IMPLICIT_RETAIN_SELF = YES;
				CLANG_WARN_OBJC_LITERAL_CONVERSION = YES;
				CLANG_WARN_OBJC_ROOT_CLASS = YES_ERROR;
				CLANG_WARN_QUOTED_INCLUDE_IN_FRAMEWORK_HEADER = YES;
				CLANG_WARN_RANGE_LOOP_ANALYSIS = YES;
				CLANG_WARN_STRICT_PROTOTYPES = YES;
				CLANG_WARN_SUSPICIOUS_MOVE = YES;
				CLANG_WARN_UNGUARDED_AVAILABILITY = YES_AGGRESSIVE;
				CLANG_WARN_UNREACHABLE_CODE = YES;
				CLANG_WARN__DUPLICATE_METHOD_MATCH = YES;
				COPY_PHASE_STRIP = NO;
				DEBUG_INFORMATION_FORMAT = dwarf;
				ENABLE_STRICT_OBJC_MSGSEND = YES;
				ENABLE_TESTABILITY = YES;
				GCC_C_LANGUAGE_STANDARD = gnu11;
				GCC_DYNAMIC_NO_PIC = NO;
				GCC_NO_COMMON_BLOCKS = YES;
				GCC_OPTIMIZATION_LEVEL = 0;
				GCC_PREPROCESSOR_DEFINITIONS = (
					"DEBUG=1",
					"$(inherited)",
				);
				GCC_WARN_64_TO_32_BIT_CONVERSION = YES;
				GCC_WARN_ABOUT_RETURN_TYPE = YES_ERROR;
				GCC_WARN_UNDECLARED_SELECTOR = YES;
				GCC_WARN_UNINITIALIZED_AUTOS = YES_AGGRESSIVE;
				GCC_WARN_UNUSED_FUNCTION = YES;
				GCC_WARN_UNUSED_VARIABLE = YES;
				IPHONEOS_DEPLOYMENT_TARGET = 15.4;
				MTL_ENABLE_DEBUG_INFO = INCLUDE_SOURCE;
				MTL_FAST_MATH = YES;
				ONLY_ACTIVE_ARCH = YES;
				SDKROOT = iphoneos;
				SWIFT_ACTIVE_COMPILATION_CONDITIONS = DEBUG;
				SWIFT_OPTIMIZATION_LEVEL = "-Onone";
			};
			name = Debug;
		};
		85E005F8280F49020045B062 /* Release */ = {
			isa = XCBuildConfiguration;
			buildSettings = {
				ALWAYS_SEARCH_USER_PATHS = NO;
				CLANG_ANALYZER_NONNULL = YES;
				CLANG_ANALYZER_NUMBER_OBJECT_CONVERSION = YES_AGGRESSIVE;
				CLANG_CXX_LANGUAGE_STANDARD = "gnu++17";
				CLANG_ENABLE_MODULES = YES;
				CLANG_ENABLE_OBJC_ARC = YES;
				CLANG_ENABLE_OBJC_WEAK = YES;
				CLANG_WARN_BLOCK_CAPTURE_AUTORELEASING = YES;
				CLANG_WARN_BOOL_CONVERSION = YES;
				CLANG_WARN_COMMA = YES;
				CLANG_WARN_CONSTANT_CONVERSION = YES;
				CLANG_WARN_DEPRECATED_OBJC_IMPLEMENTATIONS = YES;
				CLANG_WARN_DIRECT_OBJC_ISA_USAGE = YES_ERROR;
				CLANG_WARN_DOCUMENTATION_COMMENTS = YES;
				CLANG_WARN_EMPTY_BODY = YES;
				CLANG_WARN_ENUM_CONVERSION = YES;
				CLANG_WARN_INFINITE_RECURSION = YES;
				CLANG_WARN_INT_CONVERSION = YES;
				CLANG_WARN_NON_LITERAL_NULL_CONVERSION = YES;
				CLANG_WARN_OBJC_IMPLICIT_RETAIN_SELF = YES;
				CLANG_WARN_OBJC_LITERAL_CONVERSION = YES;
				CLANG_WARN_OBJC_ROOT_CLASS = YES_ERROR;
				CLANG_WARN_QUOTED_INCLUDE_IN_FRAMEWORK_HEADER = YES;
				CLANG_WARN_RANGE_LOOP_ANALYSIS = YES;
				CLANG_WARN_STRICT_PROTOTYPES = YES;
				CLANG_WARN_SUSPICIOUS_MOVE = YES;
				CLANG_WARN_UNGUARDED_AVAILABILITY = YES_AGGRESSIVE;
				CLANG_WARN_UNREACHABLE_CODE = YES;
				CLANG_WARN__DUPLICATE_METHOD_MATCH = YES;
				COPY_PHASE_STRIP = NO;
				DEBUG_INFORMATION_FORMAT = "dwarf-with-dsym";
				ENABLE_NS_ASSERTIONS = NO;
				ENABLE_STRICT_OBJC_MSGSEND = YES;
				GCC_C_LANGUAGE_STANDARD = gnu11;
				GCC_NO_COMMON_BLOCKS = YES;
				GCC_WARN_64_TO_32_BIT_CONVERSION = YES;
				GCC_WARN_ABOUT_RETURN_TYPE = YES_ERROR;
				GCC_WARN_UNDECLARED_SELECTOR = YES;
				GCC_WARN_UNINITIALIZED_AUTOS = YES_AGGRESSIVE;
				GCC_WARN_UNUSED_FUNCTION = YES;
				GCC_WARN_UNUSED_VARIABLE = YES;
				IPHONEOS_DEPLOYMENT_TARGET = 15.4;
				MTL_ENABLE_DEBUG_INFO = NO;
				MTL_FAST_MATH = YES;
				SDKROOT = iphoneos;
				SWIFT_COMPILATION_MODE = wholemodule;
				SWIFT_OPTIMIZATION_LEVEL = "-O";
				VALIDATE_PRODUCT = YES;
			};
			name = Release;
		};
		85E005FA280F49020045B062 /* Debug */ = {
			isa = XCBuildConfiguration;
			baseConfigurationReference = 86A8563FB94C6EDF306ACDA7 /* Pods-PBLogs-IOS.debug.xcconfig */;
			buildSettings = {
				ASSETCATALOG_COMPILER_APPICON_NAME = AppIcon;
				ASSETCATALOG_COMPILER_GLOBAL_ACCENT_COLOR_NAME = AccentColor;
				CODE_SIGN_STYLE = Automatic;
				CURRENT_PROJECT_VERSION = 1;
				DEVELOPMENT_ASSET_PATHS = "\"PBLogs-IOS/Preview Content\"";
				ENABLE_PREVIEWS = YES;
				GENERATE_INFOPLIST_FILE = YES;
				INFOPLIST_KEY_UIApplicationSceneManifest_Generation = YES;
				INFOPLIST_KEY_UIApplicationSupportsIndirectInputEvents = YES;
				INFOPLIST_KEY_UILaunchScreen_Generation = YES;
				INFOPLIST_KEY_UISupportedInterfaceOrientations_iPad = "UIInterfaceOrientationPortrait UIInterfaceOrientationPortraitUpsideDown UIInterfaceOrientationLandscapeLeft UIInterfaceOrientationLandscapeRight";
				INFOPLIST_KEY_UISupportedInterfaceOrientations_iPhone = "UIInterfaceOrientationPortrait UIInterfaceOrientationLandscapeLeft UIInterfaceOrientationLandscapeRight";
				LD_RUNPATH_SEARCH_PATHS = (
					"$(inherited)",
					"@executable_path/Frameworks",
				);
				MARKETING_VERSION = 1.0;
				PRODUCT_BUNDLE_IDENTIFIER = "mil.tron.PBLogs-IOS";
				PRODUCT_NAME = "$(TARGET_NAME)";
				SWIFT_EMIT_LOC_STRINGS = YES;
				SWIFT_VERSION = 5.0;
				TARGETED_DEVICE_FAMILY = "1,2";
			};
			name = Debug;
		};
		85E005FB280F49020045B062 /* Release */ = {
			isa = XCBuildConfiguration;
			baseConfigurationReference = C7C586EABBB5919D57171312 /* Pods-PBLogs-IOS.release.xcconfig */;
			buildSettings = {
				ASSETCATALOG_COMPILER_APPICON_NAME = AppIcon;
				ASSETCATALOG_COMPILER_GLOBAL_ACCENT_COLOR_NAME = AccentColor;
				CODE_SIGN_STYLE = Automatic;
				CURRENT_PROJECT_VERSION = 1;
				DEVELOPMENT_ASSET_PATHS = "\"PBLogs-IOS/Preview Content\"";
				ENABLE_PREVIEWS = YES;
				GENERATE_INFOPLIST_FILE = YES;
				INFOPLIST_KEY_UIApplicationSceneManifest_Generation = YES;
				INFOPLIST_KEY_UIApplicationSupportsIndirectInputEvents = YES;
				INFOPLIST_KEY_UILaunchScreen_Generation = YES;
				INFOPLIST_KEY_UISupportedInterfaceOrientations_iPad = "UIInterfaceOrientationPortrait UIInterfaceOrientationPortraitUpsideDown UIInterfaceOrientationLandscapeLeft UIInterfaceOrientationLandscapeRight";
				INFOPLIST_KEY_UISupportedInterfaceOrientations_iPhone = "UIInterfaceOrientationPortrait UIInterfaceOrientationLandscapeLeft UIInterfaceOrientationLandscapeRight";
				LD_RUNPATH_SEARCH_PATHS = (
					"$(inherited)",
					"@executable_path/Frameworks",
				);
				MARKETING_VERSION = 1.0;
				PRODUCT_BUNDLE_IDENTIFIER = "mil.tron.PBLogs-IOS";
				PRODUCT_NAME = "$(TARGET_NAME)";
				SWIFT_EMIT_LOC_STRINGS = YES;
				SWIFT_VERSION = 5.0;
				TARGETED_DEVICE_FAMILY = "1,2";
			};
			name = Release;
		};
		85E005FD280F49020045B062 /* Debug */ = {
			isa = XCBuildConfiguration;
			baseConfigurationReference = 97703A63DD85C84CCC5E1812 /* Pods-PBLogs-IOSTests.debug.xcconfig */;
			buildSettings = {
				ALWAYS_EMBED_SWIFT_STANDARD_LIBRARIES = YES;
				BUNDLE_LOADER = "$(TEST_HOST)";
				CODE_SIGN_STYLE = Automatic;
				CURRENT_PROJECT_VERSION = 1;
				GENERATE_INFOPLIST_FILE = YES;
				IPHONEOS_DEPLOYMENT_TARGET = 15.4;
				MARKETING_VERSION = 1.0;
				PRODUCT_BUNDLE_IDENTIFIER = "mil.tron.PBLogs-IOSTests";
				PRODUCT_NAME = "$(TARGET_NAME)";
				SWIFT_EMIT_LOC_STRINGS = NO;
				SWIFT_VERSION = 5.0;
				TARGETED_DEVICE_FAMILY = "1,2";
				TEST_HOST = "$(BUILT_PRODUCTS_DIR)/PBLogs-IOS.app/PBLogs-IOS";
			};
			name = Debug;
		};
		85E005FE280F49020045B062 /* Release */ = {
			isa = XCBuildConfiguration;
			baseConfigurationReference = B096AE7B36BDD7A0062360C4 /* Pods-PBLogs-IOSTests.release.xcconfig */;
			buildSettings = {
				ALWAYS_EMBED_SWIFT_STANDARD_LIBRARIES = YES;
				BUNDLE_LOADER = "$(TEST_HOST)";
				CODE_SIGN_STYLE = Automatic;
				CURRENT_PROJECT_VERSION = 1;
				GENERATE_INFOPLIST_FILE = YES;
				IPHONEOS_DEPLOYMENT_TARGET = 15.4;
				MARKETING_VERSION = 1.0;
				PRODUCT_BUNDLE_IDENTIFIER = "mil.tron.PBLogs-IOSTests";
				PRODUCT_NAME = "$(TARGET_NAME)";
				SWIFT_EMIT_LOC_STRINGS = NO;
				SWIFT_VERSION = 5.0;
				TARGETED_DEVICE_FAMILY = "1,2";
				TEST_HOST = "$(BUILT_PRODUCTS_DIR)/PBLogs-IOS.app/PBLogs-IOS";
			};
			name = Release;
		};
		85E00600280F49020045B062 /* Debug */ = {
			isa = XCBuildConfiguration;
			baseConfigurationReference = 8E9CC626DA4351511CB2D620 /* Pods-PBLogs-IOS-PBLogs-IOSUITests.debug.xcconfig */;
			buildSettings = {
				ALWAYS_EMBED_SWIFT_STANDARD_LIBRARIES = YES;
				CODE_SIGN_STYLE = Automatic;
				CURRENT_PROJECT_VERSION = 1;
				GENERATE_INFOPLIST_FILE = YES;
				MARKETING_VERSION = 1.0;
				PRODUCT_BUNDLE_IDENTIFIER = "mil.tron.PBLogs-IOSUITests";
				PRODUCT_NAME = "$(TARGET_NAME)";
				SWIFT_EMIT_LOC_STRINGS = NO;
				SWIFT_VERSION = 5.0;
				TARGETED_DEVICE_FAMILY = "1,2";
				TEST_TARGET_NAME = "PBLogs-IOS";
			};
			name = Debug;
		};
		85E00601280F49020045B062 /* Release */ = {
			isa = XCBuildConfiguration;
			baseConfigurationReference = 9B6D5AFC56EC8DF5AFAC227B /* Pods-PBLogs-IOS-PBLogs-IOSUITests.release.xcconfig */;
			buildSettings = {
				ALWAYS_EMBED_SWIFT_STANDARD_LIBRARIES = YES;
				CODE_SIGN_STYLE = Automatic;
				CURRENT_PROJECT_VERSION = 1;
				GENERATE_INFOPLIST_FILE = YES;
				MARKETING_VERSION = 1.0;
				PRODUCT_BUNDLE_IDENTIFIER = "mil.tron.PBLogs-IOSUITests";
				PRODUCT_NAME = "$(TARGET_NAME)";
				SWIFT_EMIT_LOC_STRINGS = NO;
				SWIFT_VERSION = 5.0;
				TARGETED_DEVICE_FAMILY = "1,2";
				TEST_TARGET_NAME = "PBLogs-IOS";
			};
			name = Release;
		};
/* End XCBuildConfiguration section */

/* Begin XCConfigurationList section */
		85E005D0280F49000045B062 /* Build configuration list for PBXProject "PBLogs-IOS" */ = {
			isa = XCConfigurationList;
			buildConfigurations = (
				85E005F7280F49020045B062 /* Debug */,
				85E005F8280F49020045B062 /* Release */,
			);
			defaultConfigurationIsVisible = 0;
			defaultConfigurationName = Release;
		};
		85E005F9280F49020045B062 /* Build configuration list for PBXNativeTarget "PBLogs-IOS" */ = {
			isa = XCConfigurationList;
			buildConfigurations = (
				85E005FA280F49020045B062 /* Debug */,
				85E005FB280F49020045B062 /* Release */,
			);
			defaultConfigurationIsVisible = 0;
			defaultConfigurationName = Release;
		};
		85E005FC280F49020045B062 /* Build configuration list for PBXNativeTarget "PBLogs-IOSTests" */ = {
			isa = XCConfigurationList;
			buildConfigurations = (
				85E005FD280F49020045B062 /* Debug */,
				85E005FE280F49020045B062 /* Release */,
			);
			defaultConfigurationIsVisible = 0;
			defaultConfigurationName = Release;
		};
		85E005FF280F49020045B062 /* Build configuration list for PBXNativeTarget "PBLogs-IOSUITests" */ = {
			isa = XCConfigurationList;
			buildConfigurations = (
				85E00600280F49020045B062 /* Debug */,
				85E00601280F49020045B062 /* Release */,
			);
			defaultConfigurationIsVisible = 0;
			defaultConfigurationName = Release;
		};
/* End XCConfigurationList section */
	};
	rootObject = 85E005CD280F49000045B062 /* Project object */;
}
